// !$*UTF8*$!
{
	archiveVersion = 1;
	classes = {
	};
	objectVersion = 77;
	objects = {

/* Begin PBXBuildFile section */
		01F71C7E4F92A354272E716C /* StatusItemController.swift in Sources */ = {isa = PBXBuildFile; fileRef = 75955E0D26EB206BCE2025ED /* StatusItemController.swift */; };
		08F526815789732E0FE35991 /* MLXAudioTTS in Frameworks */ = {isa = PBXBuildFile; productRef = A0AA92FD0D7D7B2179262BCF /* MLXAudioTTS */; };
		0FBA61FD5886CA5737CC4E50 /* FrictionLog.swift in Sources */ = {isa = PBXBuildFile; fileRef = 75BAD7F3727B1878855A2E92 /* FrictionLog.swift */; };
		17BFA74EE76E1E71A5627F33 /* OverlayView.swift in Sources */ = {isa = PBXBuildFile; fileRef = DA1C1D41FE4A3E9F7E7EB1F9 /* OverlayView.swift */; };
		1B4177ACA9522A6931715AEE /* NarrationJobQueue.swift in Sources */ = {isa = PBXBuildFile; fileRef = E9F84D4D30E15FCC4EECC1C2 /* NarrationJobQueue.swift */; };
		2F836D593A00F10CAF192EAB /* SoftwareUpdateLog.swift in Sources */ = {isa = PBXBuildFile; fileRef = A9CC5FF9EEBB57A3DF50450A /* SoftwareUpdateLog.swift */; };
		30F1181D9C567492F8204CE4 /* ReviewWindowController.swift in Sources */ = {isa = PBXBuildFile; fileRef = 278FA85768F47F8222B1B495 /* ReviewWindowController.swift */; };
		31AE3C3B00FA4E4A8D5A2CB2 /* ReviewTakeoverView.swift in Sources */ = {isa = PBXBuildFile; fileRef = 71AECECE88B0D8F41B06334C /* ReviewTakeoverView.swift */; };
		342EE4D3FEAB0CACA902F0F3 /* TrayView.swift in Sources */ = {isa = PBXBuildFile; fileRef = 0B03ABCA3ACC16E733DE7B00 /* TrayView.swift */; };
		351739C9880F7D8D2B6F27EF /* NarrationModelManager.swift in Sources */ = {isa = PBXBuildFile; fileRef = B879878D858221AB43F32C45 /* NarrationModelManager.swift */; };
		38BC032AD4BD97860E99A346 /* Sparkle in Frameworks */ = {isa = PBXBuildFile; productRef = 2184DE30F2A57B5CCF1B3EBD /* Sparkle */; };
		395A03C70C98F97840F02AF8 /* MLXAudioCore in Frameworks */ = {isa = PBXBuildFile; productRef = 9AEB54D8607EFEF17F160806 /* MLXAudioCore */; };
		3B7C5B7B558B59E7414950DF /* ReviewFlowUITests.swift in Sources */ = {isa = PBXBuildFile; fileRef = 182E7298047007414ABC9862 /* ReviewFlowUITests.swift */; };
		3D70DEAA463D3459B886ED95 /* NarrationTests.swift in Sources */ = {isa = PBXBuildFile; fileRef = C7975C24FB04A3D1A9DA4227 /* NarrationTests.swift */; };
		418B4A3E6A6875B8EB6437F0 /* NarrationSpeech.swift in Sources */ = {isa = PBXBuildFile; fileRef = 5E306BB2A5486653FEA77761 /* NarrationSpeech.swift */; };
		4775F0ACFAFE194C51D69855 /* AppDelegate.swift in Sources */ = {isa = PBXBuildFile; fileRef = 2B08FD45A80670CAD9391ADB /* AppDelegate.swift */; };
		4C581895750DA89007B483FF /* NarrationPaths.swift in Sources */ = {isa = PBXBuildFile; fileRef = 10EF202600AB264B34CDB2D7 /* NarrationPaths.swift */; };
		51D0FFA42C1196281E94E2F5 /* Assets.xcassets in Resources */ = {isa = PBXBuildFile; fileRef = 369606653B9FD1E6FBE4B43D /* Assets.xcassets */; };
		57ED4434B7E830DD91FE67B9 /* ShotIndexCache.swift in Sources */ = {isa = PBXBuildFile; fileRef = 239B5944E0638F1D931913A7 /* ShotIndexCache.swift */; };
		59CBDD8B9BEAE40E1935FD03 /* astroshots-dmg-background.png in Resources */ = {isa = PBXBuildFile; fileRef = A5C02F3A8C0151D3E00FB1AB /* astroshots-dmg-background.png */; };
		59D026A94170B682B76CDA23 /* AstroshotsApp.swift in Sources */ = {isa = PBXBuildFile; fileRef = 5239CF46065A15D17D2B56CF /* AstroshotsApp.swift */; };
		601957951D6AA32CCB74C8A4 /* BrandAssetsTests.swift in Sources */ = {isa = PBXBuildFile; fileRef = 0630BF1E47F07BB59808C525 /* BrandAssetsTests.swift */; };
		6646659397470D89CDBB4DAC /* ReviewModels.swift in Sources */ = {isa = PBXBuildFile; fileRef = C91C394D6B3C96C99B77EDD7 /* ReviewModels.swift */; };
		699399301E1BE2AFEAEF81CA /* StreamGroupingTests.swift in Sources */ = {isa = PBXBuildFile; fileRef = 8C127AB1558EF7894B101A53 /* StreamGroupingTests.swift */; };
		6A8F6DA71E32DD3A01ED8141 /* Manifest.swift in Sources */ = {isa = PBXBuildFile; fileRef = 2788CCB47877372A7EF96688 /* Manifest.swift */; };
		76EB28B98DBFABBF892E3A7E /* FrictionLogListView.swift in Sources */ = {isa = PBXBuildFile; fileRef = 33713B379610D87587D40B40 /* FrictionLogListView.swift */; };
		77469FC8404628A2CE0A1894 /* astroshots-app-icon-master.png in Resources */ = {isa = PBXBuildFile; fileRef = F217601C57C50DA926C31AF2 /* astroshots-app-icon-master.png */; };
		842084A0B15BCB986B44ADB1 /* ThemeTests.swift in Sources */ = {isa = PBXBuildFile; fileRef = 98F5F7C7BB45AE1FD2CD699B /* ThemeTests.swift */; };
		86F48D75FA114B1E154B6595 /* FrictionLogLoaderTests.swift in Sources */ = {isa = PBXBuildFile; fileRef = E835F1DA4729DEB7570B9FBC /* FrictionLogLoaderTests.swift */; };
		87D9D684AF70B41C69A9A1C7 /* ReviewStore.swift in Sources */ = {isa = PBXBuildFile; fileRef = D528EB0C9FF62471B7103498 /* ReviewStore.swift */; };
		8BB7EC1365F3F71AAD8DB5D8 /* FrictionStepDetailView.swift in Sources */ = {isa = PBXBuildFile; fileRef = 2A2EE3350232CD98BC7DF3D0 /* FrictionStepDetailView.swift */; };
		8E263B6F9A4ED674DA7F4B2D /* NarrationBrief.swift in Sources */ = {isa = PBXBuildFile; fileRef = 180276769F3E77F32E31F62F /* NarrationBrief.swift */; };
		8F2395DC60D12581FB418608 /* AppState.swift in Sources */ = {isa = PBXBuildFile; fileRef = 9976B5034C36AABFDFD4B2C8 /* AppState.swift */; };
		967A58CBD25BFB06C924D2DD /* NarrationModels.swift in Sources */ = {isa = PBXBuildFile; fileRef = C28BEB6B07761BB8C9BE0687 /* NarrationModels.swift */; };
		96FF7A41FF2B21E652A0DB9F /* AstroshotWatcher.swift in Sources */ = {isa = PBXBuildFile; fileRef = 976E87A9FC5F5847878A8A64 /* AstroshotWatcher.swift */; };
		9E7A5FC5E617434C14891B39 /* ImageClipboardTests.swift in Sources */ = {isa = PBXBuildFile; fileRef = BE183D1FC1B91442E70D281A /* ImageClipboardTests.swift */; };
		A1624B4638732301C92739FB /* ReviewWindowControllerTests.swift in Sources */ = {isa = PBXBuildFile; fileRef = EE5C4C01CF0926A78558F5F1 /* ReviewWindowControllerTests.swift */; };
		A1C2A497863C6149280EDF41 /* ShotIndexCacheTests.swift in Sources */ = {isa = PBXBuildFile; fileRef = 70B6A1CB8442F588999CF4B1 /* ShotIndexCacheTests.swift */; };
		A9E0B90E6788FF3B7F892333 /* ShotThumbnail.swift in Sources */ = {isa = PBXBuildFile; fileRef = B56B2FBBA1C2EC2C3395C15B /* ShotThumbnail.swift */; };
		AC6530122CF24B9A06DCF3E6 /* ImagePagingTests.swift in Sources */ = {isa = PBXBuildFile; fileRef = 4705ECE07E4CA31E16A35EDC /* ImagePagingTests.swift */; };
		AC966A901816D42D9B701C48 /* NarrationVideoComposer.swift in Sources */ = {isa = PBXBuildFile; fileRef = 5C52CACF01C306AEEF350902 /* NarrationVideoComposer.swift */; };
		AD510E9E9E9507B92967E0BE /* SoftwareUpdateDelegate.swift in Sources */ = {isa = PBXBuildFile; fileRef = 9E64F943CCC3A0ED542021C6 /* SoftwareUpdateDelegate.swift */; };
		B0595108F32E7E3BCBC52B40 /* DetailView.swift in Sources */ = {isa = PBXBuildFile; fileRef = DFDC12CB9342C5E685FD8A25 /* DetailView.swift */; };
		B6692FB16CC577D445C39EBF /* UpdaterSettingsModel.swift in Sources */ = {isa = PBXBuildFile; fileRef = 2F779226DD82B193FF1F471C /* UpdaterSettingsModel.swift */; };
		BB6D913C2F3291617685815E /* OverlayController.swift in Sources */ = {isa = PBXBuildFile; fileRef = 41A6D30FE0070BBC23546100 /* OverlayController.swift */; };
		CA8C19581F533AF4120AD2C4 /* PreferencesTests.swift in Sources */ = {isa = PBXBuildFile; fileRef = 26844F440291050990A83490 /* PreferencesTests.swift */; };
		CC1AB34915DE5E511D611E67 /* Shot.swift in Sources */ = {isa = PBXBuildFile; fileRef = 823B8B4248FDCBE1985DECAE /* Shot.swift */; };
		D862C2464A53C71CC3BD45DF /* ShotPathTests.swift in Sources */ = {isa = PBXBuildFile; fileRef = 5089282794B5A6E6B3636886 /* ShotPathTests.swift */; };
		DABF75392039DF313BC24487 /* FrictionLogTrayJourneyUITests.swift in Sources */ = {isa = PBXBuildFile; fileRef = 2300722B17A148F2A115D3BC /* FrictionLogTrayJourneyUITests.swift */; };
		DBEB11EF1CEE72FB28DE70E6 /* SettingsPane.swift in Sources */ = {isa = PBXBuildFile; fileRef = DBA84FE9C55670A027F3776D /* SettingsPane.swift */; };
		DCD8CB2F02CA756A627DDE3F /* FrictionStepTakeoverView.swift in Sources */ = {isa = PBXBuildFile; fileRef = 01D93DC067ACDFDE15388414 /* FrictionStepTakeoverView.swift */; };
		E732A80EEE2599B95028CF66 /* Preferences.swift in Sources */ = {isa = PBXBuildFile; fileRef = 3009EED7A72CCCCF8A86260D /* Preferences.swift */; };
		F11BF431B7AA2EC329838BAB /* ManifestParserTests.swift in Sources */ = {isa = PBXBuildFile; fileRef = A331496EBB7CAF55CCDEF017 /* ManifestParserTests.swift */; };
		F39BFBFFE1979733110EA44D /* FrictionLogDetailView.swift in Sources */ = {isa = PBXBuildFile; fileRef = 0B730D3DA7EA103359F22B14 /* FrictionLogDetailView.swift */; };
		F426C9555D678EC535E2E581 /* ReviewComponents.swift in Sources */ = {isa = PBXBuildFile; fileRef = AD17CC89BE4C1AA3A933FB87 /* ReviewComponents.swift */; };
		F4ADD26B485AABC510D0CD7E /* AstroshotWatcherTests.swift in Sources */ = {isa = PBXBuildFile; fileRef = 39A1E2488E103600176B240E /* AstroshotWatcherTests.swift */; };
		F57D0C06CCA71E8AED668D7D /* Theme.swift in Sources */ = {isa = PBXBuildFile; fileRef = 84934BBEECF7545EB5C02073 /* Theme.swift */; };
		F8857D65FAC69AB00ED2A558 /* StreamView.swift in Sources */ = {isa = PBXBuildFile; fileRef = 5679FA304E48ED78A5B24170 /* StreamView.swift */; };
		FC5EB07E736FC0E1582FD805 /* ImageClipboard.swift in Sources */ = {isa = PBXBuildFile; fileRef = CEA37DEE55FC5E2992C0612C /* ImageClipboard.swift */; };
		FF7CB55DF3385E5F06077544 /* ReviewStoreTests.swift in Sources */ = {isa = PBXBuildFile; fileRef = F9EA16401CCC820E6AD2BC9A /* ReviewStoreTests.swift */; };
/* End PBXBuildFile section */

/* Begin PBXContainerItemProxy section */
		55F28DA80619982BD45C994B /* PBXContainerItemProxy */ = {
			isa = PBXContainerItemProxy;
			containerPortal = 18E7F59D13CE9229F896D161 /* Project object */;
			proxyType = 1;
			remoteGlobalIDString = 219204DD11537497ABA9688C;
			remoteInfo = Astroshots;
		};
		FFA151E29E2DD5CBAC02BB78 /* PBXContainerItemProxy */ = {
			isa = PBXContainerItemProxy;
			containerPortal = 18E7F59D13CE9229F896D161 /* Project object */;
			proxyType = 1;
			remoteGlobalIDString = 219204DD11537497ABA9688C;
			remoteInfo = Astroshots;
		};
/* End PBXContainerItemProxy section */

/* Begin PBXFileReference section */
		01D93DC067ACDFDE15388414 /* FrictionStepTakeoverView.swift */ = {isa = PBXFileReference; lastKnownFileType = sourcecode.swift; path = FrictionStepTakeoverView.swift; sourceTree = "<group>"; };
		02F094E7A3E11CE16C3E5ADB /* Info.plist */ = {isa = PBXFileReference; lastKnownFileType = text.plist; path = Info.plist; sourceTree = "<group>"; };
		0630BF1E47F07BB59808C525 /* BrandAssetsTests.swift */ = {isa = PBXFileReference; lastKnownFileType = sourcecode.swift; path = BrandAssetsTests.swift; sourceTree = "<group>"; };
		0B03ABCA3ACC16E733DE7B00 /* TrayView.swift */ = {isa = PBXFileReference; lastKnownFileType = sourcecode.swift; path = TrayView.swift; sourceTree = "<group>"; };
		0B730D3DA7EA103359F22B14 /* FrictionLogDetailView.swift */ = {isa = PBXFileReference; lastKnownFileType = sourcecode.swift; path = FrictionLogDetailView.swift; sourceTree = "<group>"; };
		10EF202600AB264B34CDB2D7 /* NarrationPaths.swift */ = {isa = PBXFileReference; lastKnownFileType = sourcecode.swift; path = NarrationPaths.swift; sourceTree = "<group>"; };
		180276769F3E77F32E31F62F /* NarrationBrief.swift */ = {isa = PBXFileReference; lastKnownFileType = sourcecode.swift; path = NarrationBrief.swift; sourceTree = "<group>"; };
		182E7298047007414ABC9862 /* ReviewFlowUITests.swift */ = {isa = PBXFileReference; lastKnownFileType = sourcecode.swift; path = ReviewFlowUITests.swift; sourceTree = "<group>"; };
		2300722B17A148F2A115D3BC /* FrictionLogTrayJourneyUITests.swift */ = {isa = PBXFileReference; lastKnownFileType = sourcecode.swift; path = FrictionLogTrayJourneyUITests.swift; sourceTree = "<group>"; };
		239B5944E0638F1D931913A7 /* ShotIndexCache.swift */ = {isa = PBXFileReference; lastKnownFileType = sourcecode.swift; path = ShotIndexCache.swift; sourceTree = "<group>"; };
		254EBDA4241BCDB153C61736 /* AstroshotsTests.xctest */ = {isa = PBXFileReference; explicitFileType = wrapper.cfbundle; includeInIndex = 0; path = AstroshotsTests.xctest; sourceTree = BUILT_PRODUCTS_DIR; };
		26844F440291050990A83490 /* PreferencesTests.swift */ = {isa = PBXFileReference; lastKnownFileType = sourcecode.swift; path = PreferencesTests.swift; sourceTree = "<group>"; };
		2788CCB47877372A7EF96688 /* Manifest.swift */ = {isa = PBXFileReference; lastKnownFileType = sourcecode.swift; path = Manifest.swift; sourceTree = "<group>"; };
		278FA85768F47F8222B1B495 /* ReviewWindowController.swift */ = {isa = PBXFileReference; lastKnownFileType = sourcecode.swift; path = ReviewWindowController.swift; sourceTree = "<group>"; };
		2A2EE3350232CD98BC7DF3D0 /* FrictionStepDetailView.swift */ = {isa = PBXFileReference; lastKnownFileType = sourcecode.swift; path = FrictionStepDetailView.swift; sourceTree = "<group>"; };
		2B08FD45A80670CAD9391ADB /* AppDelegate.swift */ = {isa = PBXFileReference; lastKnownFileType = sourcecode.swift; path = AppDelegate.swift; sourceTree = "<group>"; };
		2F779226DD82B193FF1F471C /* UpdaterSettingsModel.swift */ = {isa = PBXFileReference; lastKnownFileType = sourcecode.swift; path = UpdaterSettingsModel.swift; sourceTree = "<group>"; };
		3009EED7A72CCCCF8A86260D /* Preferences.swift */ = {isa = PBXFileReference; lastKnownFileType = sourcecode.swift; path = Preferences.swift; sourceTree = "<group>"; };
		3080B7658C295EC23288CB79 /* Astroshots.app */ = {isa = PBXFileReference; explicitFileType = wrapper.application; includeInIndex = 0; path = Astroshots.app; sourceTree = BUILT_PRODUCTS_DIR; };
		33713B379610D87587D40B40 /* FrictionLogListView.swift */ = {isa = PBXFileReference; lastKnownFileType = sourcecode.swift; path = FrictionLogListView.swift; sourceTree = "<group>"; };
		369606653B9FD1E6FBE4B43D /* Assets.xcassets */ = {isa = PBXFileReference; lastKnownFileType = folder.assetcatalog; path = Assets.xcassets; sourceTree = "<group>"; };
		39A1E2488E103600176B240E /* AstroshotWatcherTests.swift */ = {isa = PBXFileReference; lastKnownFileType = sourcecode.swift; path = AstroshotWatcherTests.swift; sourceTree = "<group>"; };
		41A6D30FE0070BBC23546100 /* OverlayController.swift */ = {isa = PBXFileReference; lastKnownFileType = sourcecode.swift; path = OverlayController.swift; sourceTree = "<group>"; };
		4705ECE07E4CA31E16A35EDC /* ImagePagingTests.swift */ = {isa = PBXFileReference; lastKnownFileType = sourcecode.swift; path = ImagePagingTests.swift; sourceTree = "<group>"; };
		5089282794B5A6E6B3636886 /* ShotPathTests.swift */ = {isa = PBXFileReference; lastKnownFileType = sourcecode.swift; path = ShotPathTests.swift; sourceTree = "<group>"; };
		5239CF46065A15D17D2B56CF /* AstroshotsApp.swift */ = {isa = PBXFileReference; lastKnownFileType = sourcecode.swift; path = AstroshotsApp.swift; sourceTree = "<group>"; };
		5679FA304E48ED78A5B24170 /* StreamView.swift */ = {isa = PBXFileReference; lastKnownFileType = sourcecode.swift; path = StreamView.swift; sourceTree = "<group>"; };
		5C52CACF01C306AEEF350902 /* NarrationVideoComposer.swift */ = {isa = PBXFileReference; lastKnownFileType = sourcecode.swift; path = NarrationVideoComposer.swift; sourceTree = "<group>"; };
		5E306BB2A5486653FEA77761 /* NarrationSpeech.swift */ = {isa = PBXFileReference; lastKnownFileType = sourcecode.swift; path = NarrationSpeech.swift; sourceTree = "<group>"; };
		70B6A1CB8442F588999CF4B1 /* ShotIndexCacheTests.swift */ = {isa = PBXFileReference; lastKnownFileType = sourcecode.swift; path = ShotIndexCacheTests.swift; sourceTree = "<group>"; };
		71AECECE88B0D8F41B06334C /* ReviewTakeoverView.swift */ = {isa = PBXFileReference; lastKnownFileType = sourcecode.swift; path = ReviewTakeoverView.swift; sourceTree = "<group>"; };
		75955E0D26EB206BCE2025ED /* StatusItemController.swift */ = {isa = PBXFileReference; lastKnownFileType = sourcecode.swift; path = StatusItemController.swift; sourceTree = "<group>"; };
		75BAD7F3727B1878855A2E92 /* FrictionLog.swift */ = {isa = PBXFileReference; lastKnownFileType = sourcecode.swift; path = FrictionLog.swift; sourceTree = "<group>"; };
		7B7EC0C57ADC991AFD3F512A /* AstroshotsUITests.xctest */ = {isa = PBXFileReference; explicitFileType = wrapper.cfbundle; includeInIndex = 0; path = AstroshotsUITests.xctest; sourceTree = BUILT_PRODUCTS_DIR; };
		823B8B4248FDCBE1985DECAE /* Shot.swift */ = {isa = PBXFileReference; lastKnownFileType = sourcecode.swift; path = Shot.swift; sourceTree = "<group>"; };
		84934BBEECF7545EB5C02073 /* Theme.swift */ = {isa = PBXFileReference; lastKnownFileType = sourcecode.swift; path = Theme.swift; sourceTree = "<group>"; };
		8C127AB1558EF7894B101A53 /* StreamGroupingTests.swift */ = {isa = PBXFileReference; lastKnownFileType = sourcecode.swift; path = StreamGroupingTests.swift; sourceTree = "<group>"; };
		8F2AB8506FCE8107DD28D547 /* Astroshots.entitlements */ = {isa = PBXFileReference; lastKnownFileType = text.plist.entitlements; path = Astroshots.entitlements; sourceTree = "<group>"; };
		976E87A9FC5F5847878A8A64 /* AstroshotWatcher.swift */ = {isa = PBXFileReference; lastKnownFileType = sourcecode.swift; path = AstroshotWatcher.swift; sourceTree = "<group>"; };
		98F5F7C7BB45AE1FD2CD699B /* ThemeTests.swift */ = {isa = PBXFileReference; lastKnownFileType = sourcecode.swift; path = ThemeTests.swift; sourceTree = "<group>"; };
		9976B5034C36AABFDFD4B2C8 /* AppState.swift */ = {isa = PBXFileReference; lastKnownFileType = sourcecode.swift; path = AppState.swift; sourceTree = "<group>"; };
		9E64F943CCC3A0ED542021C6 /* SoftwareUpdateDelegate.swift */ = {isa = PBXFileReference; lastKnownFileType = sourcecode.swift; path = SoftwareUpdateDelegate.swift; sourceTree = "<group>"; };
		A331496EBB7CAF55CCDEF017 /* ManifestParserTests.swift */ = {isa = PBXFileReference; lastKnownFileType = sourcecode.swift; path = ManifestParserTests.swift; sourceTree = "<group>"; };
		A5C02F3A8C0151D3E00FB1AB /* astroshots-dmg-background.png */ = {isa = PBXFileReference; lastKnownFileType = image.png; path = "astroshots-dmg-background.png"; sourceTree = "<group>"; };
		A9CC5FF9EEBB57A3DF50450A /* SoftwareUpdateLog.swift */ = {isa = PBXFileReference; lastKnownFileType = sourcecode.swift; path = SoftwareUpdateLog.swift; sourceTree = "<group>"; };
		AD17CC89BE4C1AA3A933FB87 /* ReviewComponents.swift */ = {isa = PBXFileReference; lastKnownFileType = sourcecode.swift; path = ReviewComponents.swift; sourceTree = "<group>"; };
		B56B2FBBA1C2EC2C3395C15B /* ShotThumbnail.swift */ = {isa = PBXFileReference; lastKnownFileType = sourcecode.swift; path = ShotThumbnail.swift; sourceTree = "<group>"; };
		B879878D858221AB43F32C45 /* NarrationModelManager.swift */ = {isa = PBXFileReference; lastKnownFileType = sourcecode.swift; path = NarrationModelManager.swift; sourceTree = "<group>"; };
		BE183D1FC1B91442E70D281A /* ImageClipboardTests.swift */ = {isa = PBXFileReference; lastKnownFileType = sourcecode.swift; path = ImageClipboardTests.swift; sourceTree = "<group>"; };
		C28BEB6B07761BB8C9BE0687 /* NarrationModels.swift */ = {isa = PBXFileReference; lastKnownFileType = sourcecode.swift; path = NarrationModels.swift; sourceTree = "<group>"; };
		C7975C24FB04A3D1A9DA4227 /* NarrationTests.swift */ = {isa = PBXFileReference; lastKnownFileType = sourcecode.swift; path = NarrationTests.swift; sourceTree = "<group>"; };
		C91C394D6B3C96C99B77EDD7 /* ReviewModels.swift */ = {isa = PBXFileReference; lastKnownFileType = sourcecode.swift; path = ReviewModels.swift; sourceTree = "<group>"; };
		CEA37DEE55FC5E2992C0612C /* ImageClipboard.swift */ = {isa = PBXFileReference; lastKnownFileType = sourcecode.swift; path = ImageClipboard.swift; sourceTree = "<group>"; };
		D528EB0C9FF62471B7103498 /* ReviewStore.swift */ = {isa = PBXFileReference; lastKnownFileType = sourcecode.swift; path = ReviewStore.swift; sourceTree = "<group>"; };
		DA1C1D41FE4A3E9F7E7EB1F9 /* OverlayView.swift */ = {isa = PBXFileReference; lastKnownFileType = sourcecode.swift; path = OverlayView.swift; sourceTree = "<group>"; };
		DBA84FE9C55670A027F3776D /* SettingsPane.swift */ = {isa = PBXFileReference; lastKnownFileType = sourcecode.swift; path = SettingsPane.swift; sourceTree = "<group>"; };
		DFDC12CB9342C5E685FD8A25 /* DetailView.swift */ = {isa = PBXFileReference; lastKnownFileType = sourcecode.swift; path = DetailView.swift; sourceTree = "<group>"; };
		E835F1DA4729DEB7570B9FBC /* FrictionLogLoaderTests.swift */ = {isa = PBXFileReference; lastKnownFileType = sourcecode.swift; path = FrictionLogLoaderTests.swift; sourceTree = "<group>"; };
		E9F84D4D30E15FCC4EECC1C2 /* NarrationJobQueue.swift */ = {isa = PBXFileReference; lastKnownFileType = sourcecode.swift; path = NarrationJobQueue.swift; sourceTree = "<group>"; };
		EE5C4C01CF0926A78558F5F1 /* ReviewWindowControllerTests.swift */ = {isa = PBXFileReference; lastKnownFileType = sourcecode.swift; path = ReviewWindowControllerTests.swift; sourceTree = "<group>"; };
		F217601C57C50DA926C31AF2 /* astroshots-app-icon-master.png */ = {isa = PBXFileReference; lastKnownFileType = image.png; path = "astroshots-app-icon-master.png"; sourceTree = "<group>"; };
		F9EA16401CCC820E6AD2BC9A /* ReviewStoreTests.swift */ = {isa = PBXFileReference; lastKnownFileType = sourcecode.swift; path = ReviewStoreTests.swift; sourceTree = "<group>"; };
/* End PBXFileReference section */

/* Begin PBXFrameworksBuildPhase section */
		55B181D7D95A96C6F8509B39 /* Frameworks */ = {
			isa = PBXFrameworksBuildPhase;
			buildActionMask = 2147483647;
			files = (
				395A03C70C98F97840F02AF8 /* MLXAudioCore in Frameworks */,
				08F526815789732E0FE35991 /* MLXAudioTTS in Frameworks */,
				38BC032AD4BD97860E99A346 /* Sparkle in Frameworks */,
			);
			runOnlyForDeploymentPostprocessing = 0;
		};
/* End PBXFrameworksBuildPhase section */

/* Begin PBXGroup section */
		000A3F0641125A6FD698DF05 /* AstroshotsTests */ = {
			isa = PBXGroup;
			children = (
				39A1E2488E103600176B240E /* AstroshotWatcherTests.swift */,
				0630BF1E47F07BB59808C525 /* BrandAssetsTests.swift */,
				E835F1DA4729DEB7570B9FBC /* FrictionLogLoaderTests.swift */,
				BE183D1FC1B91442E70D281A /* ImageClipboardTests.swift */,
				4705ECE07E4CA31E16A35EDC /* ImagePagingTests.swift */,
				A331496EBB7CAF55CCDEF017 /* ManifestParserTests.swift */,
				C7975C24FB04A3D1A9DA4227 /* NarrationTests.swift */,
				26844F440291050990A83490 /* PreferencesTests.swift */,
				F9EA16401CCC820E6AD2BC9A /* ReviewStoreTests.swift */,
				EE5C4C01CF0926A78558F5F1 /* ReviewWindowControllerTests.swift */,
				70B6A1CB8442F588999CF4B1 /* ShotIndexCacheTests.swift */,
				5089282794B5A6E6B3636886 /* ShotPathTests.swift */,
				8C127AB1558EF7894B101A53 /* StreamGroupingTests.swift */,
				98F5F7C7BB45AE1FD2CD699B /* ThemeTests.swift */,
			);
			path = AstroshotsTests;
			sourceTree = "<group>";
		};
		2B19A32613D44C204DEB1A63 /* App */ = {
			isa = PBXGroup;
			children = (
				2B08FD45A80670CAD9391ADB /* AppDelegate.swift */,
				9976B5034C36AABFDFD4B2C8 /* AppState.swift */,
				CEA37DEE55FC5E2992C0612C /* ImageClipboard.swift */,
				3009EED7A72CCCCF8A86260D /* Preferences.swift */,
				9E64F943CCC3A0ED542021C6 /* SoftwareUpdateDelegate.swift */,
				A9CC5FF9EEBB57A3DF50450A /* SoftwareUpdateLog.swift */,
				75955E0D26EB206BCE2025ED /* StatusItemController.swift */,
				84934BBEECF7545EB5C02073 /* Theme.swift */,
				2F779226DD82B193FF1F471C /* UpdaterSettingsModel.swift */,
			);
			path = App;
			sourceTree = "<group>";
		};
		30E9B046A7FDE2DDD329A8B0 /* Tray */ = {
			isa = PBXGroup;
			children = (
				DFDC12CB9342C5E685FD8A25 /* DetailView.swift */,
				0B730D3DA7EA103359F22B14 /* FrictionLogDetailView.swift */,
				33713B379610D87587D40B40 /* FrictionLogListView.swift */,
				2A2EE3350232CD98BC7DF3D0 /* FrictionStepDetailView.swift */,
				DBA84FE9C55670A027F3776D /* SettingsPane.swift */,
				B56B2FBBA1C2EC2C3395C15B /* ShotThumbnail.swift */,
				5679FA304E48ED78A5B24170 /* StreamView.swift */,
				0B03ABCA3ACC16E733DE7B00 /* TrayView.swift */,
			);
			path = Tray;
			sourceTree = "<group>";
		};
		341EC8F1E87E0E3988172738 /* Design */ = {
			isa = PBXGroup;
			children = (
				D36B2500987C800605724512 /* Generated */,
			);
			path = Design;
			sourceTree = "<group>";
		};
		35F499E0DA470CC488E7FE3E /* Review */ = {
			isa = PBXGroup;
			children = (
				C91C394D6B3C96C99B77EDD7 /* ReviewModels.swift */,
				D528EB0C9FF62471B7103498 /* ReviewStore.swift */,
			);
			path = Review;
			sourceTree = "<group>";
		};
		4D65A7C0651E7AC4CBD0D13E /* Models */ = {
			isa = PBXGroup;
			children = (
				75BAD7F3727B1878855A2E92 /* FrictionLog.swift */,
				2788CCB47877372A7EF96688 /* Manifest.swift */,
				823B8B4248FDCBE1985DECAE /* Shot.swift */,
			);
			path = Models;
			sourceTree = "<group>";
		};
		5FC54A5F1FB9F1DA40AB87D5 /* Overlay */ = {
			isa = PBXGroup;
			children = (
				41A6D30FE0070BBC23546100 /* OverlayController.swift */,
				DA1C1D41FE4A3E9F7E7EB1F9 /* OverlayView.swift */,
			);
			path = Overlay;
			sourceTree = "<group>";
		};
		6ED3E8142F3162240FD616B1 /* AstroshotsUITests */ = {
			isa = PBXGroup;
			children = (
				2300722B17A148F2A115D3BC /* FrictionLogTrayJourneyUITests.swift */,
				182E7298047007414ABC9862 /* ReviewFlowUITests.swift */,
			);
			path = AstroshotsUITests;
			sourceTree = "<group>";
		};
		797776DFC44DDFA0E00939BC /* Narration */ = {
			isa = PBXGroup;
			children = (
				180276769F3E77F32E31F62F /* NarrationBrief.swift */,
				E9F84D4D30E15FCC4EECC1C2 /* NarrationJobQueue.swift */,
				B879878D858221AB43F32C45 /* NarrationModelManager.swift */,
				C28BEB6B07761BB8C9BE0687 /* NarrationModels.swift */,
				10EF202600AB264B34CDB2D7 /* NarrationPaths.swift */,
				5E306BB2A5486653FEA77761 /* NarrationSpeech.swift */,
				5C52CACF01C306AEEF350902 /* NarrationVideoComposer.swift */,
			);
			path = Narration;
			sourceTree = "<group>";
		};
		985C787322D9CC2C5AAA3F9D /* Products */ = {
			isa = PBXGroup;
			children = (
				3080B7658C295EC23288CB79 /* Astroshots.app */,
				254EBDA4241BCDB153C61736 /* AstroshotsTests.xctest */,
				7B7EC0C57ADC991AFD3F512A /* AstroshotsUITests.xctest */,
			);
			name = Products;
			sourceTree = "<group>";
		};
		D36B2500987C800605724512 /* Generated */ = {
			isa = PBXGroup;
			children = (
				F217601C57C50DA926C31AF2 /* astroshots-app-icon-master.png */,
				A5C02F3A8C0151D3E00FB1AB /* astroshots-dmg-background.png */,
			);
			path = Generated;
			sourceTree = "<group>";
		};
		D4EF0F79F6F530148E78A7AA /* Watch */ = {
			isa = PBXGroup;
			children = (
				976E87A9FC5F5847878A8A64 /* AstroshotWatcher.swift */,
				239B5944E0638F1D931913A7 /* ShotIndexCache.swift */,
			);
			path = Watch;
			sourceTree = "<group>";
		};
		D5CEAF8F149110D109A6B5F5 /* Resources */ = {
			isa = PBXGroup;
			children = (
				369606653B9FD1E6FBE4B43D /* Assets.xcassets */,
			);
			path = Resources;
			sourceTree = "<group>";
		};
		DE6CFFA16895E75CF05C030A = {
			isa = PBXGroup;
			children = (
				F4F44AB72B63B09B2653B846 /* Astroshots */,
				000A3F0641125A6FD698DF05 /* AstroshotsTests */,
				6ED3E8142F3162240FD616B1 /* AstroshotsUITests */,
				341EC8F1E87E0E3988172738 /* Design */,
				985C787322D9CC2C5AAA3F9D /* Products */,
			);
			sourceTree = "<group>";
		};
		EE67D4A632E2D88872DDC94B /* Review */ = {
			isa = PBXGroup;
			children = (
				01D93DC067ACDFDE15388414 /* FrictionStepTakeoverView.swift */,
				AD17CC89BE4C1AA3A933FB87 /* ReviewComponents.swift */,
				71AECECE88B0D8F41B06334C /* ReviewTakeoverView.swift */,
				278FA85768F47F8222B1B495 /* ReviewWindowController.swift */,
			);
			path = Review;
			sourceTree = "<group>";
		};
		F4F44AB72B63B09B2653B846 /* Astroshots */ = {
			isa = PBXGroup;
			children = (
				8F2AB8506FCE8107DD28D547 /* Astroshots.entitlements */,
				5239CF46065A15D17D2B56CF /* AstroshotsApp.swift */,
				02F094E7A3E11CE16C3E5ADB /* Info.plist */,
				2B19A32613D44C204DEB1A63 /* App */,
				F68AAD29ECBDB3454F5A3B2D /* Features */,
				4D65A7C0651E7AC4CBD0D13E /* Models */,
				797776DFC44DDFA0E00939BC /* Narration */,
				D5CEAF8F149110D109A6B5F5 /* Resources */,
				35F499E0DA470CC488E7FE3E /* Review */,
				D4EF0F79F6F530148E78A7AA /* Watch */,
			);
			path = Astroshots;
			sourceTree = "<group>";
		};
		F68AAD29ECBDB3454F5A3B2D /* Features */ = {
			isa = PBXGroup;
			children = (
				5FC54A5F1FB9F1DA40AB87D5 /* Overlay */,
				EE67D4A632E2D88872DDC94B /* Review */,
				30E9B046A7FDE2DDD329A8B0 /* Tray */,
			);
			path = Features;
			sourceTree = "<group>";
		};
/* End PBXGroup section */

/* Begin PBXNativeTarget section */
		219204DD11537497ABA9688C /* Astroshots */ = {
			isa = PBXNativeTarget;
			buildConfigurationList = 593EDCF0FD4E9910CA235132 /* Build configuration list for PBXNativeTarget "Astroshots" */;
			buildPhases = (
				9ABEBE60DAF1B176397C10A5 /* Sources */,
				E7D85EB4582EB0AF1584D80F /* Resources */,
				55B181D7D95A96C6F8509B39 /* Frameworks */,
			);
			buildRules = (
			);
			dependencies = (
			);
			name = Astroshots;
			packageProductDependencies = (
				9AEB54D8607EFEF17F160806 /* MLXAudioCore */,
				A0AA92FD0D7D7B2179262BCF /* MLXAudioTTS */,
				2184DE30F2A57B5CCF1B3EBD /* Sparkle */,
			);
			productName = Astroshots;
			productReference = 3080B7658C295EC23288CB79 /* Astroshots.app */;
			productType = "com.apple.product-type.application";
		};
		6CBFA382F2BF6EAC85FC4167 /* AstroshotsUITests */ = {
			isa = PBXNativeTarget;
			buildConfigurationList = 7FFEDA4CB0BF0C4EF5368A24 /* Build configuration list for PBXNativeTarget "AstroshotsUITests" */;
			buildPhases = (
				9BDCC8C0A9586C1AA26A70B0 /* Sources */,
			);
			buildRules = (
			);
			dependencies = (
				41BB964A30D284A8CFEDF7BB /* PBXTargetDependency */,
			);
			name = AstroshotsUITests;
			packageProductDependencies = (
			);
			productName = AstroshotsUITests;
			productReference = 7B7EC0C57ADC991AFD3F512A /* AstroshotsUITests.xctest */;
			productType = "com.apple.product-type.bundle.ui-testing";
		};
		C2F68E7A0A32998682E92BAF /* AstroshotsTests */ = {
			isa = PBXNativeTarget;
			buildConfigurationList = F80C8BCCD36ACA794C1841BA /* Build configuration list for PBXNativeTarget "AstroshotsTests" */;
			buildPhases = (
				17C983AD60222159889B1ED5 /* Sources */,
			);
			buildRules = (
			);
			dependencies = (
				EF69AFFDC9383EE280A3C014 /* PBXTargetDependency */,
			);
			name = AstroshotsTests;
			packageProductDependencies = (
			);
			productName = AstroshotsTests;
			productReference = 254EBDA4241BCDB153C61736 /* AstroshotsTests.xctest */;
			productType = "com.apple.product-type.bundle.unit-test";
		};
/* End PBXNativeTarget section */

/* Begin PBXProject section */
		18E7F59D13CE9229F896D161 /* Project object */ = {
			isa = PBXProject;
			attributes = {
				BuildIndependentTargetsInParallel = YES;
				LastUpgradeCheck = 1430;
				TargetAttributes = {
					219204DD11537497ABA9688C = {
						ProvisioningStyle = Automatic;
					};
					6CBFA382F2BF6EAC85FC4167 = {
						ProvisioningStyle = Automatic;
						TestTargetID = 219204DD11537497ABA9688C;
					};
					C2F68E7A0A32998682E92BAF = {
						ProvisioningStyle = Automatic;
					};
				};
			};
			buildConfigurationList = E24FE1352630C3556097D042 /* Build configuration list for PBXProject "Astroshots" */;
			developmentRegion = en;
			hasScannedForEncodings = 0;
			knownRegions = (
				Base,
				en,
			);
			mainGroup = DE6CFFA16895E75CF05C030A;
			minimizedProjectReferenceProxies = 1;
			packageReferences = (
				E1468B51650BF95A1383EAE9 /* XCRemoteSwiftPackageReference "Sparkle" */,
				AEA07F9C6D8218B742DF9C79 /* XCRemoteSwiftPackageReference "mlx-audio-swift" */,
			);
			preferredProjectObjectVersion = 77;
			productRefGroup = 985C787322D9CC2C5AAA3F9D /* Products */;
			projectDirPath = "";
			projectRoot = "";
			targets = (
				219204DD11537497ABA9688C /* Astroshots */,
				C2F68E7A0A32998682E92BAF /* AstroshotsTests */,
				6CBFA382F2BF6EAC85FC4167 /* AstroshotsUITests */,
			);
		};
/* End PBXProject section */

/* Begin PBXResourcesBuildPhase section */
		E7D85EB4582EB0AF1584D80F /* Resources */ = {
			isa = PBXResourcesBuildPhase;
			buildActionMask = 2147483647;
			files = (
				51D0FFA42C1196281E94E2F5 /* Assets.xcassets in Resources */,
				77469FC8404628A2CE0A1894 /* astroshots-app-icon-master.png in Resources */,
				59CBDD8B9BEAE40E1935FD03 /* astroshots-dmg-background.png in Resources */,
			);
			runOnlyForDeploymentPostprocessing = 0;
		};
/* End PBXResourcesBuildPhase section */

/* Begin PBXSourcesBuildPhase section */
		17C983AD60222159889B1ED5 /* Sources */ = {
			isa = PBXSourcesBuildPhase;
			buildActionMask = 2147483647;
			files = (
				F4ADD26B485AABC510D0CD7E /* AstroshotWatcherTests.swift in Sources */,
				601957951D6AA32CCB74C8A4 /* BrandAssetsTests.swift in Sources */,
				86F48D75FA114B1E154B6595 /* FrictionLogLoaderTests.swift in Sources */,
				9E7A5FC5E617434C14891B39 /* ImageClipboardTests.swift in Sources */,
				AC6530122CF24B9A06DCF3E6 /* ImagePagingTests.swift in Sources */,
				F11BF431B7AA2EC329838BAB /* ManifestParserTests.swift in Sources */,
				3D70DEAA463D3459B886ED95 /* NarrationTests.swift in Sources */,
				CA8C19581F533AF4120AD2C4 /* PreferencesTests.swift in Sources */,
				FF7CB55DF3385E5F06077544 /* ReviewStoreTests.swift in Sources */,
				A1624B4638732301C92739FB /* ReviewWindowControllerTests.swift in Sources */,
				A1C2A497863C6149280EDF41 /* ShotIndexCacheTests.swift in Sources */,
				D862C2464A53C71CC3BD45DF /* ShotPathTests.swift in Sources */,
				699399301E1BE2AFEAEF81CA /* StreamGroupingTests.swift in Sources */,
				842084A0B15BCB986B44ADB1 /* ThemeTests.swift in Sources */,
			);
			runOnlyForDeploymentPostprocessing = 0;
		};
		9ABEBE60DAF1B176397C10A5 /* Sources */ = {
			isa = PBXSourcesBuildPhase;
			buildActionMask = 2147483647;
			files = (
				4775F0ACFAFE194C51D69855 /* AppDelegate.swift in Sources */,
				8F2395DC60D12581FB418608 /* AppState.swift in Sources */,
				96FF7A41FF2B21E652A0DB9F /* AstroshotWatcher.swift in Sources */,
				59D026A94170B682B76CDA23 /* AstroshotsApp.swift in Sources */,
				B0595108F32E7E3BCBC52B40 /* DetailView.swift in Sources */,
				0FBA61FD5886CA5737CC4E50 /* FrictionLog.swift in Sources */,
				F39BFBFFE1979733110EA44D /* FrictionLogDetailView.swift in Sources */,
				76EB28B98DBFABBF892E3A7E /* FrictionLogListView.swift in Sources */,
				8BB7EC1365F3F71AAD8DB5D8 /* FrictionStepDetailView.swift in Sources */,
				DCD8CB2F02CA756A627DDE3F /* FrictionStepTakeoverView.swift in Sources */,
				FC5EB07E736FC0E1582FD805 /* ImageClipboard.swift in Sources */,
				6A8F6DA71E32DD3A01ED8141 /* Manifest.swift in Sources */,
				8E263B6F9A4ED674DA7F4B2D /* NarrationBrief.swift in Sources */,
				1B4177ACA9522A6931715AEE /* NarrationJobQueue.swift in Sources */,
				351739C9880F7D8D2B6F27EF /* NarrationModelManager.swift in Sources */,
				967A58CBD25BFB06C924D2DD /* NarrationModels.swift in Sources */,
				4C581895750DA89007B483FF /* NarrationPaths.swift in Sources */,
				418B4A3E6A6875B8EB6437F0 /* NarrationSpeech.swift in Sources */,
				AC966A901816D42D9B701C48 /* NarrationVideoComposer.swift in Sources */,
				BB6D913C2F3291617685815E /* OverlayController.swift in Sources */,
				17BFA74EE76E1E71A5627F33 /* OverlayView.swift in Sources */,
				E732A80EEE2599B95028CF66 /* Preferences.swift in Sources */,
				F426C9555D678EC535E2E581 /* ReviewComponents.swift in Sources */,
				6646659397470D89CDBB4DAC /* ReviewModels.swift in Sources */,
				87D9D684AF70B41C69A9A1C7 /* ReviewStore.swift in Sources */,
				31AE3C3B00FA4E4A8D5A2CB2 /* ReviewTakeoverView.swift in Sources */,
				30F1181D9C567492F8204CE4 /* ReviewWindowController.swift in Sources */,
				DBEB11EF1CEE72FB28DE70E6 /* SettingsPane.swift in Sources */,
				CC1AB34915DE5E511D611E67 /* Shot.swift in Sources */,
				57ED4434B7E830DD91FE67B9 /* ShotIndexCache.swift in Sources */,
				A9E0B90E6788FF3B7F892333 /* ShotThumbnail.swift in Sources */,
				AD510E9E9E9507B92967E0BE /* SoftwareUpdateDelegate.swift in Sources */,
				2F836D593A00F10CAF192EAB /* SoftwareUpdateLog.swift in Sources */,
				01F71C7E4F92A354272E716C /* StatusItemController.swift in Sources */,
				F8857D65FAC69AB00ED2A558 /* StreamView.swift in Sources */,
				F57D0C06CCA71E8AED668D7D /* Theme.swift in Sources */,
				342EE4D3FEAB0CACA902F0F3 /* TrayView.swift in Sources */,
				B6692FB16CC577D445C39EBF /* UpdaterSettingsModel.swift in Sources */,
			);
			runOnlyForDeploymentPostprocessing = 0;
		};
		9BDCC8C0A9586C1AA26A70B0 /* Sources */ = {
			isa = PBXSourcesBuildPhase;
			buildActionMask = 2147483647;
			files = (
				DABF75392039DF313BC24487 /* FrictionLogTrayJourneyUITests.swift in Sources */,
				3B7C5B7B558B59E7414950DF /* ReviewFlowUITests.swift in Sources */,
			);
			runOnlyForDeploymentPostprocessing = 0;
		};
/* End PBXSourcesBuildPhase section */

/* Begin PBXTargetDependency section */
		41BB964A30D284A8CFEDF7BB /* PBXTargetDependency */ = {
			isa = PBXTargetDependency;
			target = 219204DD11537497ABA9688C /* Astroshots */;
			targetProxy = FFA151E29E2DD5CBAC02BB78 /* PBXContainerItemProxy */;
		};
		EF69AFFDC9383EE280A3C014 /* PBXTargetDependency */ = {
			isa = PBXTargetDependency;
			target = 219204DD11537497ABA9688C /* Astroshots */;
			targetProxy = 55F28DA80619982BD45C994B /* PBXContainerItemProxy */;
		};
/* End PBXTargetDependency section */

/* Begin XCBuildConfiguration section */
		02151A118DCB6D83AAF47CDE /* Release */ = {
			isa = XCBuildConfiguration;
			buildSettings = {
				ASSETCATALOG_COMPILER_APPICON_NAME = AppIcon;
				CODE_SIGN_ENTITLEMENTS = Astroshots/Astroshots.entitlements;
				COMBINE_HIDPI_IMAGES = YES;
				INFOPLIST_FILE = Astroshots/Info.plist;
				LD_RUNPATH_SEARCH_PATHS = (
					"$(inherited)",
					"@executable_path/../Frameworks",
				);
				PRODUCT_BUNDLE_IDENTIFIER = ai.archastro.Astroshots;
				SDKROOT = macosx;
			};
			name = Release;
		};
		48B5766DEED36B70016C87D3 /* Release */ = {
			isa = XCBuildConfiguration;
			buildSettings = {
				BUNDLE_LOADER = "$(TEST_HOST)";
				COMBINE_HIDPI_IMAGES = YES;
				GENERATE_INFOPLIST_FILE = YES;
				LD_RUNPATH_SEARCH_PATHS = (
					"$(inherited)",
					"@executable_path/../Frameworks",
					"@loader_path/../Frameworks",
				);
				PRODUCT_BUNDLE_IDENTIFIER = ai.archastro.AstroshotsTests;
				SDKROOT = macosx;
				TEST_HOST = "$(BUILT_PRODUCTS_DIR)/Astroshots.app/Contents/MacOS/Astroshots";
			};
			name = Release;
		};
		57D63B265E35D263CF30925F /* Debug */ = {
			isa = XCBuildConfiguration;
			buildSettings = {
				ASSETCATALOG_COMPILER_APPICON_NAME = AppIcon;
				CODE_SIGN_ENTITLEMENTS = Astroshots/Astroshots.entitlements;
				COMBINE_HIDPI_IMAGES = YES;
				ENABLE_LIBRARY_VALIDATION = NO;
				INFOPLIST_FILE = Astroshots/Info.plist;
				LD_RUNPATH_SEARCH_PATHS = (
					"$(inherited)",
					"@executable_path/../Frameworks",
				);
				PRODUCT_BUNDLE_IDENTIFIER = ai.archastro.Astroshots;
				SDKROOT = macosx;
			};
			name = Debug;
		};
		727AF5C2D608B141AD45775D /* Release */ = {
			isa = XCBuildConfiguration;
			buildSettings = {
				ALWAYS_SEARCH_USER_PATHS = NO;
				ASSETCATALOG_COMPILER_APPICON_NAME = AppIcon;
				ASSETCATALOG_COMPILER_GLOBAL_ACCENT_COLOR_NAME = AccentColor;
				CLANG_ANALYZER_NONNULL = YES;
				CLANG_ANALYZER_NUMBER_OBJECT_CONVERSION = YES_AGGRESSIVE;
				CLANG_CXX_LANGUAGE_STANDARD = "gnu++14";
				CLANG_CXX_LIBRARY = "libc++";
				CLANG_ENABLE_MODULES = YES;
				CLANG_ENABLE_OBJC_ARC = YES;
				CLANG_ENABLE_OBJC_WEAK = YES;
				CLANG_WARN_BLOCK_CAPTURE_AUTORELEASING = YES;
				CLANG_WARN_BOOL_CONVERSION = YES;
				CLANG_WARN_COMMA = YES;
				CLANG_WARN_CONSTANT_CONVERSION = YES;
				CLANG_WARN_DEPRECATED_OBJC_IMPLEMENTATIONS = YES;
				CLANG_WARN_DIRECT_OBJC_ISA_USAGE = YES_ERROR;
				CLANG_WARN_DOCUMENTATION_COMMENTS = YES;
				CLANG_WARN_EMPTY_BODY = YES;
				CLANG_WARN_ENUM_CONVERSION = YES;
				CLANG_WARN_INFINITE_RECURSION = YES;
				CLANG_WARN_INT_CONVERSION = YES;
				CLANG_WARN_NON_LITERAL_NULL_CONVERSION = YES;
				CLANG_WARN_OBJC_IMPLICIT_RETAIN_SELF = YES;
				CLANG_WARN_OBJC_LITERAL_CONVERSION = YES;
				CLANG_WARN_OBJC_ROOT_CLASS = YES_ERROR;
				CLANG_WARN_QUOTED_INCLUDE_IN_FRAMEWORK_HEADER = YES;
				CLANG_WARN_RANGE_LOOP_ANALYSIS = YES;
				CLANG_WARN_STRICT_PROTOTYPES = YES;
				CLANG_WARN_SUSPICIOUS_MOVE = YES;
				CLANG_WARN_UNGUARDED_AVAILABILITY = YES_AGGRESSIVE;
				CLANG_WARN_UNREACHABLE_CODE = YES;
				CLANG_WARN__DUPLICATE_METHOD_MATCH = YES;
				CODE_SIGN_STYLE = Automatic;
				COPY_PHASE_STRIP = NO;
				CURRENT_PROJECT_VERSION = 23;
				DEBUG_INFORMATION_FORMAT = "dwarf-with-dsym";
				ENABLE_HARDENED_RUNTIME = YES;
				ENABLE_NS_ASSERTIONS = NO;
				ENABLE_STRICT_OBJC_MSGSEND = YES;
				GCC_C_LANGUAGE_STANDARD = gnu11;
				GCC_NO_COMMON_BLOCKS = YES;
				GCC_WARN_64_TO_32_BIT_CONVERSION = YES;
				GCC_WARN_ABOUT_RETURN_TYPE = YES_ERROR;
				GCC_WARN_UNDECLARED_SELECTOR = YES;
				GCC_WARN_UNINITIALIZED_AUTOS = YES_AGGRESSIVE;
				GCC_WARN_UNUSED_FUNCTION = YES;
				GCC_WARN_UNUSED_VARIABLE = YES;
				MACOSX_DEPLOYMENT_TARGET = 14.0;
				MARKETING_VERSION = 0.2.6;
				MTL_ENABLE_DEBUG_INFO = NO;
				MTL_FAST_MATH = YES;
				PRODUCT_NAME = "$(TARGET_NAME)";
				SDKROOT = macosx;
				SWIFT_COMPILATION_MODE = wholemodule;
				SWIFT_OPTIMIZATION_LEVEL = "-O";
				SWIFT_STRICT_CONCURRENCY = complete;
				SWIFT_VERSION = 6.0;
			};
			name = Release;
		};
		7BE14EA869A5824ED0032802 /* Debug */ = {
			isa = XCBuildConfiguration;
			buildSettings = {
				BUNDLE_LOADER = "$(TEST_HOST)";
				COMBINE_HIDPI_IMAGES = YES;
				GENERATE_INFOPLIST_FILE = YES;
				LD_RUNPATH_SEARCH_PATHS = (
					"$(inherited)",
					"@executable_path/../Frameworks",
					"@loader_path/../Frameworks",
				);
				PRODUCT_BUNDLE_IDENTIFIER = ai.archastro.AstroshotsTests;
				SDKROOT = macosx;
				TEST_HOST = "$(BUILT_PRODUCTS_DIR)/Astroshots.app/Contents/MacOS/Astroshots";
			};
			name = Debug;
		};
		7F6EBE64E672A8C1A0A07C52 /* Debug */ = {
			isa = XCBuildConfiguration;
			buildSettings = {
				BUNDLE_LOADER = "$(TEST_HOST)";
				COMBINE_HIDPI_IMAGES = YES;
				GENERATE_INFOPLIST_FILE = YES;
				LD_RUNPATH_SEARCH_PATHS = (
					"$(inherited)",
					"@executable_path/Frameworks",
					"@loader_path/Frameworks",
				);
				PRODUCT_BUNDLE_IDENTIFIER = ai.archastro.AstroshotsUITests;
				SDKROOT = macosx;
				TEST_TARGET_NAME = Astroshots;
			};
			name = Debug;
		};
		89964C2AB13D3041A0E4B38D /* Release */ = {
			isa = XCBuildConfiguration;
			buildSettings = {
				BUNDLE_LOADER = "$(TEST_HOST)";
				COMBINE_HIDPI_IMAGES = YES;
				GENERATE_INFOPLIST_FILE = YES;
				LD_RUNPATH_SEARCH_PATHS = (
					"$(inherited)",
					"@executable_path/Frameworks",
					"@loader_path/Frameworks",
				);
				PRODUCT_BUNDLE_IDENTIFIER = ai.archastro.AstroshotsUITests;
				SDKROOT = macosx;
				TEST_TARGET_NAME = Astroshots;
			};
			name = Release;
		};
		F20A6E956143E3DDCB67BA3B /* Debug */ = {
			isa = XCBuildConfiguration;
			buildSettings = {
				ALWAYS_SEARCH_USER_PATHS = NO;
				ASSETCATALOG_COMPILER_APPICON_NAME = AppIcon;
				ASSETCATALOG_COMPILER_GLOBAL_ACCENT_COLOR_NAME = AccentColor;
				CLANG_ANALYZER_NONNULL = YES;
				CLANG_ANALYZER_NUMBER_OBJECT_CONVERSION = YES_AGGRESSIVE;
				CLANG_CXX_LANGUAGE_STANDARD = "gnu++14";
				CLANG_CXX_LIBRARY = "libc++";
				CLANG_ENABLE_MODULES = YES;
				CLANG_ENABLE_OBJC_ARC = YES;
				CLANG_ENABLE_OBJC_WEAK = YES;
				CLANG_WARN_BLOCK_CAPTURE_AUTORELEASING = YES;
				CLANG_WARN_BOOL_CONVERSION = YES;
				CLANG_WARN_COMMA = YES;
				CLANG_WARN_CONSTANT_CONVERSION = YES;
				CLANG_WARN_DEPRECATED_OBJC_IMPLEMENTATIONS = YES;
				CLANG_WARN_DIRECT_OBJC_ISA_USAGE = YES_ERROR;
				CLANG_WARN_DOCUMENTATION_COMMENTS = YES;
				CLANG_WARN_EMPTY_BODY = YES;
				CLANG_WARN_ENUM_CONVERSION = YES;
				CLANG_WARN_INFINITE_RECURSION = YES;
				CLANG_WARN_INT_CONVERSION = YES;
				CLANG_WARN_NON_LITERAL_NULL_CONVERSION = YES;
				CLANG_WARN_OBJC_IMPLICIT_RETAIN_SELF = YES;
				CLANG_WARN_OBJC_LITERAL_CONVERSION = YES;
				CLANG_WARN_OBJC_ROOT_CLASS = YES_ERROR;
				CLANG_WARN_QUOTED_INCLUDE_IN_FRAMEWORK_HEADER = YES;
				CLANG_WARN_RANGE_LOOP_ANALYSIS = YES;
				CLANG_WARN_STRICT_PROTOTYPES = YES;
				CLANG_WARN_SUSPICIOUS_MOVE = YES;
				CLANG_WARN_UNGUARDED_AVAILABILITY = YES_AGGRESSIVE;
				CLANG_WARN_UNREACHABLE_CODE = YES;
				CLANG_WARN__DUPLICATE_METHOD_MATCH = YES;
				CODE_SIGN_STYLE = Automatic;
				COPY_PHASE_STRIP = NO;
				CURRENT_PROJECT_VERSION = 23;
				DEBUG_INFORMATION_FORMAT = dwarf;
				ENABLE_HARDENED_RUNTIME = YES;
				ENABLE_STRICT_OBJC_MSGSEND = YES;
				ENABLE_TESTABILITY = YES;
				GCC_C_LANGUAGE_STANDARD = gnu11;
				GCC_DYNAMIC_NO_PIC = NO;
				GCC_NO_COMMON_BLOCKS = YES;
				GCC_OPTIMIZATION_LEVEL = 0;
				GCC_PREPROCESSOR_DEFINITIONS = (
					"$(inherited)",
					"DEBUG=1",
				);
				GCC_WARN_64_TO_32_BIT_CONVERSION = YES;
				GCC_WARN_ABOUT_RETURN_TYPE = YES_ERROR;
				GCC_WARN_UNDECLARED_SELECTOR = YES;
				GCC_WARN_UNINITIALIZED_AUTOS = YES_AGGRESSIVE;
				GCC_WARN_UNUSED_FUNCTION = YES;
				GCC_WARN_UNUSED_VARIABLE = YES;
				MACOSX_DEPLOYMENT_TARGET = 14.0;
				MARKETING_VERSION = 0.2.6;
				MTL_ENABLE_DEBUG_INFO = INCLUDE_SOURCE;
				MTL_FAST_MATH = YES;
				ONLY_ACTIVE_ARCH = YES;
				PRODUCT_NAME = "$(TARGET_NAME)";
				SDKROOT = macosx;
				SWIFT_ACTIVE_COMPILATION_CONDITIONS = DEBUG;
				SWIFT_OPTIMIZATION_LEVEL = "-Onone";
				SWIFT_STRICT_CONCURRENCY = complete;
				SWIFT_VERSION = 6.0;
			};
			name = Debug;
		};
/* End XCBuildConfiguration section */

/* Begin XCConfigurationList section */
		593EDCF0FD4E9910CA235132 /* Build configuration list for PBXNativeTarget "Astroshots" */ = {
			isa = XCConfigurationList;
			buildConfigurations = (
				57D63B265E35D263CF30925F /* Debug */,
				02151A118DCB6D83AAF47CDE /* Release */,
			);
			defaultConfigurationIsVisible = 0;
			defaultConfigurationName = Debug;
		};
		7FFEDA4CB0BF0C4EF5368A24 /* Build configuration list for PBXNativeTarget "AstroshotsUITests" */ = {
			isa = XCConfigurationList;
			buildConfigurations = (
				7F6EBE64E672A8C1A0A07C52 /* Debug */,
				89964C2AB13D3041A0E4B38D /* Release */,
			);
			defaultConfigurationIsVisible = 0;
			defaultConfigurationName = Debug;
		};
		E24FE1352630C3556097D042 /* Build configuration list for PBXProject "Astroshots" */ = {
			isa = XCConfigurationList;
			buildConfigurations = (
				F20A6E956143E3DDCB67BA3B /* Debug */,
				727AF5C2D608B141AD45775D /* Release */,
			);
			defaultConfigurationIsVisible = 0;
			defaultConfigurationName = Debug;
		};
		F80C8BCCD36ACA794C1841BA /* Build configuration list for PBXNativeTarget "AstroshotsTests" */ = {
			isa = XCConfigurationList;
			buildConfigurations = (
				7BE14EA869A5824ED0032802 /* Debug */,
				48B5766DEED36B70016C87D3 /* Release */,
			);
			defaultConfigurationIsVisible = 0;
			defaultConfigurationName = Debug;
		};
/* End XCConfigurationList section */

/* Begin XCRemoteSwiftPackageReference section */
		AEA07F9C6D8218B742DF9C79 /* XCRemoteSwiftPackageReference "mlx-audio-swift" */ = {
			isa = XCRemoteSwiftPackageReference;
			repositoryURL = "https://github.com/Blaizzy/mlx-audio-swift";
			requirement = {
				branch = main;
				kind = branch;
			};
		};
		E1468B51650BF95A1383EAE9 /* XCRemoteSwiftPackageReference "Sparkle" */ = {
			isa = XCRemoteSwiftPackageReference;
			repositoryURL = "https://github.com/sparkle-project/Sparkle";
			requirement = {
				kind = upToNextMajorVersion;
				minimumVersion = 2.9.5;
			};
		};
/* End XCRemoteSwiftPackageReference section */

/* Begin XCSwiftPackageProductDependency section */
		2184DE30F2A57B5CCF1B3EBD /* Sparkle */ = {
			isa = XCSwiftPackageProductDependency;
			package = E1468B51650BF95A1383EAE9 /* XCRemoteSwiftPackageReference "Sparkle" */;
			productName = Sparkle;
		};
		9AEB54D8607EFEF17F160806 /* MLXAudioCore */ = {
			isa = XCSwiftPackageProductDependency;
			package = AEA07F9C6D8218B742DF9C79 /* XCRemoteSwiftPackageReference "mlx-audio-swift" */;
			productName = MLXAudioCore;
		};
		A0AA92FD0D7D7B2179262BCF /* MLXAudioTTS */ = {
			isa = XCSwiftPackageProductDependency;
			package = AEA07F9C6D8218B742DF9C79 /* XCRemoteSwiftPackageReference "mlx-audio-swift" */;
			productName = MLXAudioTTS;
		};
/* End XCSwiftPackageProductDependency section */
	};
	rootObject = 18E7F59D13CE9229F896D161 /* Project object */;
}
